// !$*UTF8*$!
{
	archiveVersion = 1;
	classes = {
	};
	objectVersion = 55;
	objects = {

/* Begin PBXBuildFile section */
		2E1037DE2703631600DBC2BD /* MovieBookApp.swift in Sources */ = {isa = PBXBuildFile; fileRef = 2E1037DD2703631600DBC2BD /* MovieBookApp.swift */; };
		2E1037E02703631600DBC2BD /* ContentView.swift in Sources */ = {isa = PBXBuildFile; fileRef = 2E1037DF2703631600DBC2BD /* ContentView.swift */; };
		2E1037E22703631800DBC2BD /* Assets.xcassets in Resources */ = {isa = PBXBuildFile; fileRef = 2E1037E12703631800DBC2BD /* Assets.xcassets */; };
		2E1037E52703631800DBC2BD /* Preview Assets.xcassets in Resources */ = {isa = PBXBuildFile; fileRef = 2E1037E42703631800DBC2BD /* Preview Assets.xcassets */; };
		2E1037F02703649100DBC2BD /* Movie.swift in Sources */ = {isa = PBXBuildFile; fileRef = 2E1037EF2703649100DBC2BD /* Movie.swift */; };
		2E1037F327037B2B00DBC2BD /* DownloaderClient.swift in Sources */ = {isa = PBXBuildFile; fileRef = 2E1037F227037B2B00DBC2BD /* DownloaderClient.swift */; };
		2E1582732704D5120048BDD5 /* FilmViewModel.swift in Sources */ = {isa = PBXBuildFile; fileRef = 2E1582722704D5120048BDD5 /* FilmViewModel.swift */; };
		2E21D47227074F7A004D3AF5 /* DetailView.swift in Sources */ = {isa = PBXBuildFile; fileRef = 2E21D47127074F7A004D3AF5 /* DetailView.swift */; };
		2E2DAABC2707432300FC222F /* FilmDetayViewModel.swift in Sources */ = {isa = PBXBuildFile; fileRef = 2E2DAABB2707432300FC222F /* FilmDetayViewModel.swift */; };
		2E881C7C27062A2800E99B03 /* ImageDownloaderClient.swift in Sources */ = {isa = PBXBuildFile; fileRef = 2E881C7B27062A2800E99B03 /* ImageDownloaderClient.swift */; };
		2E881C7E27062B6600E99B03 /* CustomImage.swift in Sources */ = {isa = PBXBuildFile; fileRef = 2E881C7D27062B6600E99B03 /* CustomImage.swift */; };
		2E881C802706341B00E99B03 /* MovieDetail.swift in Sources */ = {isa = PBXBuildFile; fileRef = 2E881C7F2706341B00E99B03 /* MovieDetail.swift */; };
/* End PBXBuildFile section */

/* Begin PBXFileReference section */
		2E1037DA2703631600DBC2BD /* MovieBook.app */ = {isa = PBXFileReference; explicitFileType = wrapper.application; includeInIndex = 0; path = MovieBook.app; sourceTree = BUILT_PRODUCTS_DIR; };
		2E1037DD2703631600DBC2BD /* MovieBookApp.swift */ = {isa = PBXFileReference; lastKnownFileType = sourcecode.swift; path = MovieBookApp.swift; sourceTree = "<group>"; };
		2E1037DF2703631600DBC2BD /* ContentView.swift */ = {isa = PBXFileReference; lastKnownFileType = sourcecode.swift; path = ContentView.swift; sourceTree = "<group>"; };
		2E1037E12703631800DBC2BD /* Assets.xcassets */ = {isa = PBXFileReference; lastKnownFileType = folder.assetcatalog; path = Assets.xcassets; sourceTree = "<group>"; };
		2E1037E42703631800DBC2BD /* Preview Assets.xcassets */ = {isa = PBXFileReference; lastKnownFileType = folder.assetcatalog; path = "Preview Assets.xcassets"; sourceTree = "<group>"; };
		2E1037EF2703649100DBC2BD /* Movie.swift */ = {isa = PBXFileReference; lastKnownFileType = sourcecode.swift; path = Movie.swift; sourceTree = "<group>"; };
		2E1037F227037B2B00DBC2BD /* DownloaderClient.swift */ = {isa = PBXFileReference; lastKnownFileType = sourcecode.swift; path = DownloaderClient.swift; sourceTree = "<group>"; };
		2E1037F42703894600DBC2BD /* Info.plist */ = {isa = PBXFileReference; lastKnownFileType = text.plist; path = Info.plist; sourceTree = "<group>"; };
		2E1582722704D5120048BDD5 /* FilmViewModel.swift */ = {isa = PBXFileReference; lastKnownFileType = sourcecode.swift; path = FilmViewModel.swift; sourceTree = "<group>"; };
		2E21D47127074F7A004D3AF5 /* DetailView.swift */ = {isa = PBXFileReference; lastKnownFileType = sourcecode.swift; path = DetailView.swift; sourceTree = "<group>"; };
		2E2DAABB2707432300FC222F /* FilmDetayViewModel.swift */ = {isa = PBXFileReference; lastKnownFileType = sourcecode.swift; path = FilmDetayViewModel.swift; sourceTree = "<group>"; };
		2E881C7B27062A2800E99B03 /* ImageDownloaderClient.swift */ = {isa = PBXFileReference; lastKnownFileType = sourcecode.swift; path = ImageDownloaderClient.swift; sourceTree = "<group>"; };
		2E881C7D27062B6600E99B03 /* CustomImage.swift */ = {isa = PBXFileReference; lastKnownFileType = sourcecode.swift; path = CustomImage.swift; sourceTree = "<group>"; };
		2E881C7F2706341B00E99B03 /* MovieDetail.swift */ = {isa = PBXFileReference; lastKnownFileType = sourcecode.swift; path = MovieDetail.swift; sourceTree = "<group>"; };
/* End PBXFileReference section */

/* Begin PBXFrameworksBuildPhase section */
		2E1037D72703631600DBC2BD /* Frameworks */ = {
			isa = PBXFrameworksBuildPhase;
			buildActionMask = 2147483647;
			files = (
			);
			runOnlyForDeploymentPostprocessing = 0;
		};
/* End PBXFrameworksBuildPhase section */

/* Begin PBXGroup section */
		2E1037D12703631600DBC2BD = {
			isa = PBXGroup;
			children = (
				2E1037DC2703631600DBC2BD /* MovieBook */,
				2E1037DB2703631600DBC2BD /* Products */,
			);
			sourceTree = "<group>";
		};
		2E1037DB2703631600DBC2BD /* Products */ = {
			isa = PBXGroup;
			children = (
				2E1037DA2703631600DBC2BD /* MovieBook.app */,
			);
			name = Products;
			sourceTree = "<group>";
		};
		2E1037DC2703631600DBC2BD /* MovieBook */ = {
			isa = PBXGroup;
			children = (
				2E1037F42703894600DBC2BD /* Info.plist */,
				2E1037F127037B1300DBC2BD /* Services */,
				2E1037EE2703642500DBC2BD /* App */,
				2E1037ED2703641000DBC2BD /* Views */,
				2E1037EC2703640500DBC2BD /* ViewModels */,
				2E1037EB270363DD00DBC2BD /* Models */,
				2E1037E12703631800DBC2BD /* Assets.xcassets */,
				2E1037E32703631800DBC2BD /* Preview Content */,
			);
			path = MovieBook;
			sourceTree = "<group>";
		};
		2E1037E32703631800DBC2BD /* Preview Content */ = {
			isa = PBXGroup;
			children = (
				2E1037E42703631800DBC2BD /* Preview Assets.xcassets */,
			);
			path = "Preview Content";
			sourceTree = "<group>";
		};
		2E1037EB270363DD00DBC2BD /* Models */ = {
			isa = PBXGroup;
			children = (
				2E1037EF2703649100DBC2BD /* Movie.swift */,
				2E881C7F2706341B00E99B03 /* MovieDetail.swift */,
			);
			path = Models;
			sourceTree = "<group>";
		};
		2E1037EC2703640500DBC2BD /* ViewModels */ = {
			isa = PBXGroup;
			children = (
				2E1582722704D5120048BDD5 /* FilmViewModel.swift */,
				2E2DAABB2707432300FC222F /* FilmDetayViewModel.swift */,
			);
			path = ViewModels;
			sourceTree = "<group>";
		};
		2E1037ED2703641000DBC2BD /* Views */ = {
			isa = PBXGroup;
			children = (
				2E1037DF2703631600DBC2BD /* ContentView.swift */,
				2E881C7D27062B6600E99B03 /* CustomImage.swift */,
				2E21D47127074F7A004D3AF5 /* DetailView.swift */,
			);
			path = Views;
			sourceTree = "<group>";
		};
		2E1037EE2703642500DBC2BD /* App */ = {
			isa = PBXGroup;
			children = (
				2E1037DD2703631600DBC2BD /* MovieBookApp.swift */,
			);
			path = App;
			sourceTree = "<group>";
		};
		2E1037F127037B1300DBC2BD /* Services */ = {
			isa = PBXGroup;
			children = (
				2E1037F227037B2B00DBC2BD /* DownloaderClient.swift */,
				2E881C7B27062A2800E99B03 /* ImageDownloaderClient.swift */,
			);
			path = Services;
			sourceTree = "<group>";
		};
/* End PBXGroup section */

/* Begin PBXNativeTarget section */
		2E1037D92703631600DBC2BD /* MovieBook */ = {
			isa = PBXNativeTarget;
			buildConfigurationList = 2E1037E82703631800DBC2BD /* Build configuration list for PBXNativeTarget "MovieBook" */;
			buildPhases = (
				2E1037D62703631600DBC2BD /* Sources */,
				2E1037D72703631600DBC2BD /* Frameworks */,
				2E1037D82703631600DBC2BD /* Resources */,
			);
			buildRules = (
			);
			dependencies = (
			);
			name = MovieBook;
			productName = MovieBook;
			productReference = 2E1037DA2703631600DBC2BD /* MovieBook.app */;
			productType = "com.apple.product-type.application";
		};
/* End PBXNativeTarget section */

/* Begin PBXProject section */
		2E1037D22703631600DBC2BD /* Project object */ = {
			isa = PBXProject;
			attributes = {
				BuildIndependentTargetsInParallel = 1;
				LastSwiftUpdateCheck = 1300;
				LastUpgradeCheck = 1300;
				TargetAttributes = {
					2E1037D92703631600DBC2BD = {
						CreatedOnToolsVersion = 13.0;
					};
				};
			};
			buildConfigurationList = 2E1037D52703631600DBC2BD /* Build configuration list for PBXProject "MovieBook" */;
			compatibilityVersion = "Xcode 13.0";
			developmentRegion = en;
			hasScannedForEncodings = 0;
			knownRegions = (
				en,
				Base,
			);
			mainGroup = 2E1037D12703631600DBC2BD;
			productRefGroup = 2E1037DB2703631600DBC2BD /* Products */;
			projectDirPath = "";
			projectRoot = "";
			targets = (
				2E1037D92703631600DBC2BD /* MovieBook */,
			);
		};
/* End PBXProject section */

/* Begin PBXResourcesBuildPhase section */
		2E1037D82703631600DBC2BD /* Resources */ = {
			isa = PBXResourcesBuildPhase;
			buildActionMask = 2147483647;
			files = (
				2E1037E52703631800DBC2BD /* Preview Assets.xcassets in Resources */,
				2E1037E22703631800DBC2BD /* Assets.xcassets in Resources */,
			);
			runOnlyForDeploymentPostprocessing = 0;
		};
/* End PBXResourcesBuildPhase section */

/* Begin PBXSourcesBuildPhase section */
		2E1037D62703631600DBC2BD /* Sources */ = {
			isa = PBXSourcesBuildPhase;
			buildActionMask = 2147483647;
			files = (
				2E881C7E27062B6600E99B03 /* CustomImage.swift in Sources */,
				2E1037E02703631600DBC2BD /* ContentView.swift in Sources */,
				2E1037DE2703631600DBC2BD /* MovieBookApp.swift in Sources */,
				2E21D47227074F7A004D3AF5 /* DetailView.swift in Sources */,
				2E1582732704D5120048BDD5 /* FilmViewModel.swift in Sources */,
				2E1037F02703649100DBC2BD /* Movie.swift in Sources */,
				2E1037F327037B2B00DBC2BD /* DownloaderClient.swift in Sources */,
				2E881C7C27062A2800E99B03 /* ImageDownloaderClient.swift in Sources */,
				2E2DAABC2707432300FC222F /* FilmDetayViewModel.swift in Sources */,
				2E881C802706341B00E99B03 /* MovieDetail.swift in Sources */,
			);
			runOnlyForDeploymentPostprocessing = 0;
		};
/* End PBXSourcesBuildPhase section */

/* Begin XCBuildConfiguration section */
		2E1037E62703631800DBC2BD /* Debug */ = {
			isa = XCBuildConfiguration;
			buildSettings = {
				ALWAYS_SEARCH_USER_PATHS = NO;
				CLANG_ANALYZER_NONNULL = YES;
				CLANG_ANALYZER_NUMBER_OBJECT_CONVERSION = YES_AGGRESSIVE;
				CLANG_CXX_LANGUAGE_STANDARD = "gnu++17";
				CLANG_CXX_LIBRARY = "libc++";
				CLANG_ENABLE_MODULES = YES;
				CLANG_ENABLE_OBJC_ARC = YES;
				CLANG_ENABLE_OBJC_WEAK = YES;
				CLANG_WARN_BLOCK_CAPTURE_AUTORELEASING = YES;
				CLANG_WARN_BOOL_CONVERSION = YES;
				CLANG_WARN_COMMA = YES;
				CLANG_WARN_CONSTANT_CONVERSION = YES;
				CLANG_WARN_DEPRECATED_OBJC_IMPLEMENTATIONS = YES;
				CLANG_WARN_DIRECT_OBJC_ISA_USAGE = YES_ERROR;
				CLANG_WARN_DOCUMENTATION_COMMENTS = YES;
				CLANG_WARN_EMPTY_BODY = YES;
				CLANG_WARN_ENUM_CONVERSION = YES;
				CLANG_WARN_INFINITE_RECURSION = YES;
				CLANG_WARN_INT_CONVERSION = YES;
				CLANG_WARN_NON_LITERAL_NULL_CONVERSION = YES;
				CLANG_WARN_OBJC_IMPLICIT_RETAIN_SELF = YES;
				CLANG_WARN_OBJC_LITERAL_CONVERSION = YES;
				CLANG_WARN_OBJC_ROOT_CLASS = YES_ERROR;
				CLANG_WARN_QUOTED_INCLUDE_IN_FRAMEWORK_HEADER = YES;
				CLANG_WARN_RANGE_LOOP_ANALYSIS = YES;
				CLANG_WARN_STRICT_PROTOTYPES = YES;
				CLANG_WARN_SUSPICIOUS_MOVE = YES;
				CLANG_WARN_UNGUARDED_AVAILABILITY = YES_AGGRESSIVE;
				CLANG_WARN_UNREACHABLE_CODE = YES;
				CLANG_WARN__DUPLICATE_METHOD_MATCH = YES;
				COPY_PHASE_STRIP = NO;
				DEBUG_INFORMATION_FORMAT = dwarf;
				ENABLE_STRICT_OBJC_MSGSEND = YES;
				ENABLE_TESTABILITY = YES;
				GCC_C_LANGUAGE_STANDARD = gnu11;
				GCC_DYNAMIC_NO_PIC = NO;
				GCC_NO_COMMON_BLOCKS = YES;
				GCC_OPTIMIZATION_LEVEL = 0;
				GCC_PREPROCESSOR_DEFINITIONS = (
					"DEBUG=1",
					"$(inherited)",
				);
				GCC_WARN_64_TO_32_BIT_CONVERSION = YES;
				GCC_WARN_ABOUT_RETURN_TYPE = YES_ERROR;
				GCC_WARN_UNDECLARED_SELECTOR = YES;
				GCC_WARN_UNINITIALIZED_AUTOS = YES_AGGRESSIVE;
				GCC_WARN_UNUSED_FUNCTION = YES;
				GCC_WARN_UNUSED_VARIABLE = YES;
				IPHONEOS_DEPLOYMENT_TARGET = 15.0;
				MTL_ENABLE_DEBUG_INFO = INCLUDE_SOURCE;
				MTL_FAST_MATH = YES;
				ONLY_ACTIVE_ARCH = YES;
				SDKROOT = iphoneos;
				SWIFT_ACTIVE_COMPILATION_CONDITIONS = DEBUG;
				SWIFT_OPTIMIZATION_LEVEL = "-Onone";
			};
			name = Debug;
		};
		2E1037E72703631800DBC2BD /* Release */ = {
			isa = XCBuildConfiguration;
			buildSettings = {
				ALWAYS_SEARCH_USER_PATHS = NO;
				CLANG_ANALYZER_NONNULL = YES;
				CLANG_ANALYZER_NUMBER_OBJECT_CONVERSION = YES_AGGRESSIVE;
				CLANG_CXX_LANGUAGE_STANDARD = "gnu++17";
				CLANG_CXX_LIBRARY = "libc++";
				CLANG_ENABLE_MODULES = YES;
				CLANG_ENABLE_OBJC_ARC = YES;
				CLANG_ENABLE_OBJC_WEAK = YES;
				CLANG_WARN_BLOCK_CAPTURE_AUTORELEASING = YES;
				CLANG_WARN_BOOL_CONVERSION = YES;
				CLANG_WARN_COMMA = YES;
				CLANG_WARN_CONSTANT_CONVERSION = YES;
				CLANG_WARN_DEPRECATED_OBJC_IMPLEMENTATIONS = YES;
				CLANG_WARN_DIRECT_OBJC_ISA_USAGE = YES_ERROR;
				CLANG_WARN_DOCUMENTATION_COMMENTS = YES;
				CLANG_WARN_EMPTY_BODY = YES;
				CLANG_WARN_ENUM_CONVERSION = YES;
				CLANG_WARN_INFINITE_RECURSION = YES;
				CLANG_WARN_INT_CONVERSION = YES;
				CLANG_WARN_NON_LITERAL_NULL_CONVERSION = YES;
				CLANG_WARN_OBJC_IMPLICIT_RETAIN_SELF = YES;
				CLANG_WARN_OBJC_LITERAL_CONVERSION = YES;
				CLANG_WARN_OBJC_ROOT_CLASS = YES_ERROR;
				CLANG_WARN_QUOTED_INCLUDE_IN_FRAMEWORK_HEADER = YES;
				CLANG_WARN_RANGE_LOOP_ANALYSIS = YES;
				CLANG_WARN_STRICT_PROTOTYPES = YES;
				CLANG_WARN_SUSPICIOUS_MOVE = YES;
				CLANG_WARN_UNGUARDED_AVAILABILITY = YES_AGGRESSIVE;
				CLANG_WARN_UNREACHABLE_CODE = YES;
				CLANG_WARN__DUPLICATE_METHOD_MATCH = YES;
				COPY_PHASE_STRIP = NO;
				DEBUG_INFORMATION_FORMAT = "dwarf-with-dsym";
				ENABLE_NS_ASSERTIONS = NO;
				ENABLE_STRICT_OBJC_MSGSEND = YES;
				GCC_C_LANGUAGE_STANDARD = gnu11;
				GCC_NO_COMMON_BLOCKS = YES;
				GCC_WARN_64_TO_32_BIT_CONVERSION = YES;
				GCC_WARN_ABOUT_RETURN_TYPE = YES_ERROR;
				GCC_WARN_UNDECLARED_SELECTOR = YES;
				GCC_WARN_UNINITIALIZED_AUTOS = YES_AGGRESSIVE;
				GCC_WARN_UNUSED_FUNCTION = YES;
				GCC_WARN_UNUSED_VARIABLE = YES;
				IPHONEOS_DEPLOYMENT_TARGET = 15.0;
				MTL_ENABLE_DEBUG_INFO = NO;
				MTL_FAST_MATH = YES;
				SDKROOT = iphoneos;
				SWIFT_COMPILATION_MODE = wholemodule;
				SWIFT_OPTIMIZATION_LEVEL = "-O";
				VALIDATE_PRODUCT = YES;
			};
			name = Release;
		};
		2E1037E92703631800DBC2BD /* Debug */ = {
			isa = XCBuildConfiguration;
			buildSettings = {
				ASSETCATALOG_COMPILER_APPICON_NAME = AppIcon;
				ASSETCATALOG_COMPILER_GLOBAL_ACCENT_COLOR_NAME = AccentColor;
				CODE_SIGN_STYLE = Automatic;
				CURRENT_PROJECT_VERSION = 1;
				DEVELOPMENT_ASSET_PATHS = "\"MovieBook/Preview Content\"";
				DEVELOPMENT_TEAM = 6PALB6K8YY;
				ENABLE_PREVIEWS = YES;
				GENERATE_INFOPLIST_FILE = YES;
				INFOPLIST_FILE = MovieBook/Info.plist;
				INFOPLIST_KEY_UIApplicationSceneManifest_Generation = YES;
				INFOPLIST_KEY_UIApplicationSupportsIndirectInputEvents = YES;
				INFOPLIST_KEY_UILaunchScreen_Generation = YES;
				INFOPLIST_KEY_UISupportedInterfaceOrientations_iPad = "UIInterfaceOrientationPortrait UIInterfaceOrientationPortraitUpsideDown UIInterfaceOrientationLandscapeLeft UIInterfaceOrientationLandscapeRight";
				INFOPLIST_KEY_UISupportedInterfaceOrientations_iPhone = "UIInterfaceOrientationPortrait UIInterfaceOrientationLandscapeLeft UIInterfaceOrientationLandscapeRight";
				IPHONEOS_DEPLOYMENT_TARGET = 14.0;
				LD_RUNPATH_SEARCH_PATHS = (
					"$(inherited)",
					"@executable_path/Frameworks",
				);
				MARKETING_VERSION = 1.0;
				PRODUCT_BUNDLE_IDENTIFIER = com.devmehmetates.MovieBook;
				PRODUCT_NAME = "$(TARGET_NAME)";
				SWIFT_EMIT_LOC_STRINGS = YES;
				SWIFT_VERSION = 5.0;
				TARGETED_DEVICE_FAMILY = "1,2";
			};
			name = Debug;
		};
		2E1037EA2703631800DBC2BD /* Release */ = {
			isa = XCBuildConfiguration;
			buildSettings = {
				ASSETCATALOG_COMPILER_APPICON_NAME = AppIcon;
				ASSETCATALOG_COMPILER_GLOBAL_ACCENT_COLOR_NAME = AccentColor;
				CODE_SIGN_STYLE = Automatic;
				CURRENT_PROJECT_VERSION = 1;
				DEVELOPMENT_ASSET_PATHS = "\"MovieBook/Preview Content\"";
				DEVELOPMENT_TEAM = 6PALB6K8YY;
				ENABLE_PREVIEWS = YES;
				GENERATE_INFOPLIST_FILE = YES;
				INFOPLIST_FILE = MovieBook/Info.plist;
				INFOPLIST_KEY_UIApplicationSceneManifest_Generation = YES;
				INFOPLIST_KEY_UIApplicationSupportsIndirectInputEvents = YES;
				INFOPLIST_KEY_UILaunchScreen_Generation = YES;
				INFOPLIST_KEY_UISupportedInterfaceOrientations_iPad = "UIInterfaceOrientationPortrait UIInterfaceOrientationPortraitUpsideDown UIInterfaceOrientationLandscapeLeft UIInterfaceOrientationLandscapeRight";
				INFOPLIST_KEY_UISupportedInterfaceOrientations_iPhone = "UIInterfaceOrientationPortrait UIInterfaceOrientationLandscapeLeft UIInterfaceOrientationLandscapeRight";
				IPHONEOS_DEPLOYMENT_TARGET = 14.0;
				LD_RUNPATH_SEARCH_PATHS = (
					"$(inherited)",
					"@executable_path/Frameworks",
				);
				MARKETING_VERSION = 1.0;
				PRODUCT_BUNDLE_IDENTIFIER = com.devmehmetates.MovieBook;
				PRODUCT_NAME = "$(TARGET_NAME)";
				SWIFT_EMIT_LOC_STRINGS = YES;
				SWIFT_VERSION = 5.0;
				TARGETED_DEVICE_FAMILY = "1,2";
			};
			name = Release;
		};
/* End XCBuildConfiguration section */

/* Begin XCConfigurationList section */
		2E1037D52703631600DBC2BD /* Build configuration list for PBXProject "MovieBook" */ = {
			isa = XCConfigurationList;
			buildConfigurations = (
				2E1037E62703631800DBC2BD /* Debug */,
				2E1037E72703631800DBC2BD /* Release */,
			);
			defaultConfigurationIsVisible = 0;
			defaultConfigurationName = Release;
		};
		2E1037E82703631800DBC2BD /* Build configuration list for PBXNativeTarget "MovieBook" */ = {
			isa = XCConfigurationList;
			buildConfigurations = (
				2E1037E92703631800DBC2BD /* Debug */,
				2E1037EA2703631800DBC2BD /* Release */,
			);
			defaultConfigurationIsVisible = 0;
			defaultConfigurationName = Release;
		};
/* End XCConfigurationList section */
	};
	rootObject = 2E1037D22703631600DBC2BD /* Project object */;
}
